
Microsoft Visual Studio Solution File, Format Version 12.00
# Visual Studio Version 17
VisualStudioVersion = 17.3.32929.385
MinimumVisualStudioVersion = 10.0.40219.1
Project("{2150E333-8FDC-42A3-9474-1A3956D46DE8}") = "Project Files", "Project Files", "{7AEFAF69-D35F-4A70-9152-687C7486280F}"
	ProjectSection(SolutionItems) = preProject
		.gitignore = .gitignore
		CHANGELOG.md = CHANGELOG.md
		LICENSE.md = LICENSE.md
		README.md = README.md
		SECURITY.md = SECURITY.md
	EndProjectSection
EndProject
Project("{9A19103F-16F7-4668-BE54-9A1E7A4F7556}") = "Boa.Constrictor", "Boa.Constrictor\Boa.Constrictor.csproj", "{3CF25C90-599F-452C-8F86-C0FD59DCB791}"
EndProject
Project("{9A19103F-16F7-4668-BE54-9A1E7A4F7556}") = "Boa.Constrictor.Example", "Boa.Constrictor.Example\Boa.Constrictor.Example.csproj", "{2EDE1932-D1D3-45DD-80C6-6E08A3F96942}"
	ProjectSection(ProjectDependencies) = postProject
		{3CF25C90-599F-452C-8F86-C0FD59DCB791} = {3CF25C90-599F-452C-8F86-C0FD59DCB791}
	EndProjectSection
EndProject
Project("{2150E333-8FDC-42A3-9474-1A3956D46DE8}") = "GitHub Actions", "GitHub Actions", "{E9EBE814-0E65-48CA-8689-A76B4CAA27C8}"
	ProjectSection(SolutionItems) = preProject
		.github\workflows\codeql-analysis.yml = .github\workflows\codeql-analysis.yml
		.github\workflows\nuget-push.yml = .github\workflows\nuget-push.yml
		.github\workflows\unit-tests.yml = .github\workflows\unit-tests.yml
	EndProjectSection
EndProject
Project("{D954291E-2A0B-460D-934E-DC6B0785DB48}") = "logos", "logos\logos.shproj", "{1D0939E4-3AAB-4EFB-9645-660D08E57699}"
EndProject
Project("{D954291E-2A0B-460D-934E-DC6B0785DB48}") = "docs", "docs\docs.shproj", "{0A420E7B-171F-4A46-ACB0-24C36FC84C33}"
EndProject
Project("{D954291E-2A0B-460D-934E-DC6B0785DB48}") = "talk", "talk\talk.shproj", "{D414FA59-B55C-4C53-B314-2BCAFAFC94AD}"
EndProject
Project("{2150E333-8FDC-42A3-9474-1A3956D46DE8}") = "Issue Templates", "Issue Templates", "{E616491A-032B-476A-817E-C2E4B6A1A3B2}"
	ProjectSection(SolutionItems) = preProject
		.github\ISSUE_TEMPLATE\bug-report.yml = .github\ISSUE_TEMPLATE\bug-report.yml
		.github\ISSUE_TEMPLATE\documentation-improvement.yml = .github\ISSUE_TEMPLATE\documentation-improvement.yml
		.github\ISSUE_TEMPLATE\feature-request.yml = .github\ISSUE_TEMPLATE\feature-request.yml
		.github\ISSUE_TEMPLATE\general-question.yml = .github\ISSUE_TEMPLATE\general-question.yml
	EndProjectSection
EndProject
Project("{2150E333-8FDC-42A3-9474-1A3956D46DE8}") = "Pull Request Templates", "Pull Request Templates", "{E6A6D52D-F4A4-4FBA-9249-48BE7EB16951}"
	ProjectSection(SolutionItems) = preProject
		.github\pull_request_template.md = .github\pull_request_template.md
	EndProjectSection
EndProject
Project("{2150E333-8FDC-42A3-9474-1A3956D46DE8}") = "GitHub Files", "GitHub Files", "{93076CA0-CFD9-4B35-9EEA-AC77ABF88F83}"
EndProject
Project("{9A19103F-16F7-4668-BE54-9A1E7A4F7556}") = "Boa.Constrictor.Selenium", "Boa.Constrictor.Selenium\Boa.Constrictor.Selenium.csproj", "{CB6F58FD-6DEC-4E02-8479-714685B31C0C}"
EndProject
Project("{9A19103F-16F7-4668-BE54-9A1E7A4F7556}") = "Boa.Constrictor.RestSharp", "Boa.Constrictor.RestSharp\Boa.Constrictor.RestSharp.csproj", "{C1FC00F0-C2B6-4B0F-B64B-A4C777131408}"
EndProject
Project("{9A19103F-16F7-4668-BE54-9A1E7A4F7556}") = "Boa.Constrictor.Screenplay", "Boa.Constrictor.Screenplay\Boa.Constrictor.Screenplay.csproj", "{A6C7DD7A-A99A-4C55-B7E5-1B03EAEE7C7C}"
EndProject
Project("{9A19103F-16F7-4668-BE54-9A1E7A4F7556}") = "Boa.Constrictor.Screenplay.UnitTests", "Boa.Constrictor.Screenplay.UnitTests\Boa.Constrictor.Screenplay.UnitTests.csproj", "{B82F9FCF-543A-44C3-951A-5C034A6E8D9B}"
EndProject
Project("{9A19103F-16F7-4668-BE54-9A1E7A4F7556}") = "Boa.Constrictor.Selenium.UnitTests", "Boa.Constrictor.Selenium.UnitTests\Boa.Constrictor.Selenium.UnitTests.csproj", "{0529FEB8-A626-49EA-BAB6-6386D085CD94}"
EndProject
Project("{9A19103F-16F7-4668-BE54-9A1E7A4F7556}") = "Boa.Constrictor.RestSharp.UnitTests", "Boa.Constrictor.RestSharp.UnitTests\Boa.Constrictor.RestSharp.UnitTests.csproj", "{E583A867-4AA1-418F-B9C4-AA6D0883885D}"
EndProject
Project("{9A19103F-16F7-4668-BE54-9A1E7A4F7556}") = "Boa.Constrictor.Xunit", "Boa.Constrictor.Xunit\Boa.Constrictor.Xunit.csproj", "{A1ED7B2D-4F37-4AFE-A7C8-39E6223FD5DE}"
EndProject
Project("{FAE04EC0-301F-11D3-BF4B-00C04F79EFBC}") = "Boa.Constrictor.Xunit.UnitTests", "Boa.Constrictor.Xunit.UnitTests\Boa.Constrictor.Xunit.UnitTests.csproj", "{A49F6E9F-EBFC-4391-83A2-66646F9C2895}"
EndProject
Project("{FAE04EC0-301F-11D3-BF4B-00C04F79EFBC}") = "Boa.Constrictor.Playwright", "Boa.Constrictor.Playwright\Boa.Constrictor.Playwright.csproj", "{8B41C812-118F-4F45-B57C-D75AA565B402}"
EndProject
Project("{FAE04EC0-301F-11D3-BF4B-00C04F79EFBC}") = "Boa.Constrictor.Playwright.UnitTests", "Boa.Constrictor.Playwright.UnitTests\Boa.Constrictor.Playwright.UnitTests.csproj", "{854FEC42-C6C9-4986-9088-E81894B81662}"
EndProject
Global
	GlobalSection(SolutionConfigurationPlatforms) = preSolution
		Debug|Any CPU = Debug|Any CPU
		Release|Any CPU = Release|Any CPU
	EndGlobalSection
	GlobalSection(ProjectConfigurationPlatforms) = postSolution
		{3CF25C90-599F-452C-8F86-C0FD59DCB791}.Debug|Any CPU.ActiveCfg = Debug|Any CPU
		{3CF25C90-599F-452C-8F86-C0FD59DCB791}.Debug|Any CPU.Build.0 = Debug|Any CPU
		{3CF25C90-599F-452C-8F86-C0FD59DCB791}.Release|Any CPU.ActiveCfg = Release|Any CPU
		{3CF25C90-599F-452C-8F86-C0FD59DCB791}.Release|Any CPU.Build.0 = Release|Any CPU
		{2EDE1932-D1D3-45DD-80C6-6E08A3F96942}.Debug|Any CPU.ActiveCfg = Debug|Any CPU
		{2EDE1932-D1D3-45DD-80C6-6E08A3F96942}.Debug|Any CPU.Build.0 = Debug|Any CPU
		{2EDE1932-D1D3-45DD-80C6-6E08A3F96942}.Release|Any CPU.ActiveCfg = Release|Any CPU
		{2EDE1932-D1D3-45DD-80C6-6E08A3F96942}.Release|Any CPU.Build.0 = Release|Any CPU
		{CB6F58FD-6DEC-4E02-8479-714685B31C0C}.Debug|Any CPU.ActiveCfg = Debug|Any CPU
		{CB6F58FD-6DEC-4E02-8479-714685B31C0C}.Debug|Any CPU.Build.0 = Debug|Any CPU
		{CB6F58FD-6DEC-4E02-8479-714685B31C0C}.Release|Any CPU.ActiveCfg = Release|Any CPU
		{CB6F58FD-6DEC-4E02-8479-714685B31C0C}.Release|Any CPU.Build.0 = Release|Any CPU
		{C1FC00F0-C2B6-4B0F-B64B-A4C777131408}.Debug|Any CPU.ActiveCfg = Debug|Any CPU
		{C1FC00F0-C2B6-4B0F-B64B-A4C777131408}.Debug|Any CPU.Build.0 = Debug|Any CPU
		{C1FC00F0-C2B6-4B0F-B64B-A4C777131408}.Release|Any CPU.ActiveCfg = Release|Any CPU
		{C1FC00F0-C2B6-4B0F-B64B-A4C777131408}.Release|Any CPU.Build.0 = Release|Any CPU
		{A6C7DD7A-A99A-4C55-B7E5-1B03EAEE7C7C}.Debug|Any CPU.ActiveCfg = Debug|Any CPU
		{A6C7DD7A-A99A-4C55-B7E5-1B03EAEE7C7C}.Debug|Any CPU.Build.0 = Debug|Any CPU
		{A6C7DD7A-A99A-4C55-B7E5-1B03EAEE7C7C}.Release|Any CPU.ActiveCfg = Release|Any CPU
		{A6C7DD7A-A99A-4C55-B7E5-1B03EAEE7C7C}.Release|Any CPU.Build.0 = Release|Any CPU
		{B82F9FCF-543A-44C3-951A-5C034A6E8D9B}.Debug|Any CPU.ActiveCfg = Debug|Any CPU
		{B82F9FCF-543A-44C3-951A-5C034A6E8D9B}.Debug|Any CPU.Build.0 = Debug|Any CPU
		{B82F9FCF-543A-44C3-951A-5C034A6E8D9B}.Release|Any CPU.ActiveCfg = Release|Any CPU
		{B82F9FCF-543A-44C3-951A-5C034A6E8D9B}.Release|Any CPU.Build.0 = Release|Any CPU
		{0529FEB8-A626-49EA-BAB6-6386D085CD94}.Debug|Any CPU.ActiveCfg = Debug|Any CPU
		{0529FEB8-A626-49EA-BAB6-6386D085CD94}.Debug|Any CPU.Build.0 = Debug|Any CPU
		{0529FEB8-A626-49EA-BAB6-6386D085CD94}.Release|Any CPU.ActiveCfg = Release|Any CPU
		{0529FEB8-A626-49EA-BAB6-6386D085CD94}.Release|Any CPU.Build.0 = Release|Any CPU
		{E583A867-4AA1-418F-B9C4-AA6D0883885D}.Debug|Any CPU.ActiveCfg = Debug|Any CPU
		{E583A867-4AA1-418F-B9C4-AA6D0883885D}.Debug|Any CPU.Build.0 = Debug|Any CPU
		{E583A867-4AA1-418F-B9C4-AA6D0883885D}.Release|Any CPU.ActiveCfg = Release|Any CPU
		{E583A867-4AA1-418F-B9C4-AA6D0883885D}.Release|Any CPU.Build.0 = Release|Any CPU
		{A1ED7B2D-4F37-4AFE-A7C8-39E6223FD5DE}.Debug|Any CPU.ActiveCfg = Debug|Any CPU
		{A1ED7B2D-4F37-4AFE-A7C8-39E6223FD5DE}.Debug|Any CPU.Build.0 = Debug|Any CPU
		{A1ED7B2D-4F37-4AFE-A7C8-39E6223FD5DE}.Release|Any CPU.ActiveCfg = Release|Any CPU
		{A1ED7B2D-4F37-4AFE-A7C8-39E6223FD5DE}.Release|Any CPU.Build.0 = Release|Any CPU
		{A49F6E9F-EBFC-4391-83A2-66646F9C2895}.Debug|Any CPU.ActiveCfg = Debug|Any CPU
		{A49F6E9F-EBFC-4391-83A2-66646F9C2895}.Debug|Any CPU.Build.0 = Debug|Any CPU
		{A49F6E9F-EBFC-4391-83A2-66646F9C2895}.Release|Any CPU.ActiveCfg = Release|Any CPU
		{A49F6E9F-EBFC-4391-83A2-66646F9C2895}.Release|Any CPU.Build.0 = Release|Any CPU
		{8B41C812-118F-4F45-B57C-D75AA565B402}.Debug|Any CPU.ActiveCfg = Debug|Any CPU
		{8B41C812-118F-4F45-B57C-D75AA565B402}.Debug|Any CPU.Build.0 = Debug|Any CPU
		{8B41C812-118F-4F45-B57C-D75AA565B402}.Release|Any CPU.ActiveCfg = Release|Any CPU
		{8B41C812-118F-4F45-B57C-D75AA565B402}.Release|Any CPU.Build.0 = Release|Any CPU
		{854FEC42-C6C9-4986-9088-E81894B81662}.Debug|Any CPU.ActiveCfg = Debug|Any CPU
		{854FEC42-C6C9-4986-9088-E81894B81662}.Debug|Any CPU.Build.0 = Debug|Any CPU
		{854FEC42-C6C9-4986-9088-E81894B81662}.Release|Any CPU.ActiveCfg = Release|Any CPU
		{854FEC42-C6C9-4986-9088-E81894B81662}.Release|Any CPU.Build.0 = Release|Any CPU
	EndGlobalSection
	GlobalSection(SolutionProperties) = preSolution
		HideSolutionNode = FALSE
	EndGlobalSection
	GlobalSection(NestedProjects) = preSolution
		{E9EBE814-0E65-48CA-8689-A76B4CAA27C8} = {93076CA0-CFD9-4B35-9EEA-AC77ABF88F83}
		{E616491A-032B-476A-817E-C2E4B6A1A3B2} = {93076CA0-CFD9-4B35-9EEA-AC77ABF88F83}
		{E6A6D52D-F4A4-4FBA-9249-48BE7EB16951} = {93076CA0-CFD9-4B35-9EEA-AC77ABF88F83}
	EndGlobalSection
	GlobalSection(ExtensibilityGlobals) = postSolution
		SolutionGuid = {B7D2C1D8-A5F6-4638-8C77-30344F2746A1}
	EndGlobalSection
	GlobalSection(SharedMSBuildProjectFiles) = preSolution
		docs\docs.projitems*{0a420e7b-171f-4a46-acb0-24c36fc84c33}*SharedItemsImports = 13
		logos\logos.projitems*{1d0939e4-3aab-4efb-9645-660d08e57699}*SharedItemsImports = 13
		talk\talk.projitems*{d414fa59-b55c-4c53-b314-2bcafafc94ad}*SharedItemsImports = 13
	EndGlobalSection
EndGlobal
